
Microsoft Visual Studio Solution File, Format Version 12.00
# Visual Studio Version 17
VisualStudioVersion = 17.2.32408.312
MinimumVisualStudioVersion = 10.0.40219.1
Project("{9A19103F-16F7-4668-BE54-9A1E7A4F7556}") = "Maui.Controls.BetterMaps", "Maui.Controls.BetterMaps\Maui.Controls.BetterMaps.csproj", "{F1E3EA35-6A37-425C-87E2-8A452F09FE46}"
EndProject
Project("{FAE04EC0-301F-11D3-BF4B-00C04F79EFBC}") = "Maui.Controls.BetterMaps.Sample", "Maui.Controls.BetterMaps.Sample\Maui.Controls.BetterMaps.Sample.csproj", "{405C9FD2-0D13-4EF1-83D5-A53DAE905C14}"
EndProject
Global
	GlobalSection(SolutionConfigurationPlatforms) = preSolution
		Debug|Any CPU = Debug|Any CPU
		Release|Any CPU = Release|Any CPU
	EndGlobalSection
	GlobalSection(ProjectConfigurationPlatforms) = postSolution
		{F1E3EA35-6A37-425C-87E2-8A452F09FE46}.Debug|Any CPU.ActiveCfg = Debug|Any CPU
		{F1E3EA35-6A37-425C-87E2-8A452F09FE46}.Debug|Any CPU.Build.0 = Debug|Any CPU
		{F1E3EA35-6A37-425C-87E2-8A452F09FE46}.Release|Any CPU.ActiveCfg = Release|Any CPU
		{F1E3EA35-6A37-425C-87E2-8A452F09FE46}.Release|Any CPU.Build.0 = Release|Any CPU
		{405C9FD2-0D13-4EF1-83D5-A53DAE905C14}.Debug|Any CPU.ActiveCfg = Debug|Any CPU
		{405C9FD2-0D13-4EF1-83D5-A53DAE905C14}.Debug|Any CPU.Build.0 = Debug|Any CPU
		{405C9FD2-0D13-4EF1-83D5-A53DAE905C14}.Debug|Any CPU.Deploy.0 = Debug|Any CPU
		{405C9FD2-0D13-4EF1-83D5-A53DAE905C14}.Release|Any CPU.ActiveCfg = Release|Any CPU
		{405C9FD2-0D13-4EF1-83D5-A53DAE905C14}.Release|Any CPU.Build.0 = Release|Any CPU
		{405C9FD2-0D13-4EF1-83D5-A53DAE905C14}.Release|Any CPU.Deploy.0 = Release|Any CPU
	EndGlobalSection
	GlobalSection(SolutionProperties) = preSolution
		HideSolutionNode = FALSE
	EndGlobalSection
	GlobalSection(ExtensibilityGlobals) = postSolution
		SolutionGuid = {DEB8427C-E23E-42C8-A9D0-B832BA89A3D1}
	EndGlobalSection
EndGlobal
